
Microsoft Visual Studio Solution File, Format Version 12.00
# Visual Studio Version 16
VisualStudioVersion = 16.0.29215.179
MinimumVisualStudioVersion = 10.0.40219.1
Project("{FAE04EC0-301F-11D3-BF4B-00C04F79EFBC}") = "FitLine-WebShop-BackEnd", "FitLine-WebShop-BackEnd\FitLine-WebShop-BackEnd.csproj", "{5935B014-C1EB-4DA9-BD66-625AE8AC83CF}"
EndProject
Project("{2150E333-8FDC-42A3-9474-1A3956D46DE8}") = "REST", "REST", "{3C3CD2CB-A668-4986-A40E-EF228A4B1463}"
EndProject
Project("{2150E333-8FDC-42A3-9474-1A3956D46DE8}") = "CORE", "CORE", "{7499691F-1542-4E90-93B5-A015D7FB7302}"
EndProject
Project("{2150E333-8FDC-42A3-9474-1A3956D46DE8}") = "INFRASTRUCTURE", "INFRASTRUCTURE", "{F4260F83-17C9-4047-95F0-A8DA062703F7}"
EndProject
Project("{FAE04EC0-301F-11D3-BF4B-00C04F79EFBC}") = "SQLData", "SQLData\SQLData.csproj", "{2B0288EF-D1F0-4C6F-BC0D-B39425EAE0A8}"
EndProject
Project("{FAE04EC0-301F-11D3-BF4B-00C04F79EFBC}") = "Entities", "Entities\Entities.csproj", "{73DD6024-FDC7-4508-9ABF-FB00A3C09241}"
EndProject
Project("{FAE04EC0-301F-11D3-BF4B-00C04F79EFBC}") = "AppCore", "AppCore\AppCore.csproj", "{36791CEA-2700-473F-A551-FBC24D980B4D}"
EndProject
Project("{2150E333-8FDC-42A3-9474-1A3956D46DE8}") = "TESTS", "TESTS", "{79E499B0-C5B9-44AF-AD71-2E6F71ADA418}"
EndProject
Project("{FAE04EC0-301F-11D3-BF4B-00C04F79EFBC}") = "xUnitTestServices", "xUnitTestServices\xUnitTestServices.csproj", "{03E6055B-AE4E-4B26-BCB8-9350CF360725}"
EndProject
Global
	GlobalSection(SolutionConfigurationPlatforms) = preSolution
		Debug|Any CPU = Debug|Any CPU
		Release|Any CPU = Release|Any CPU
	EndGlobalSection
	GlobalSection(ProjectConfigurationPlatforms) = postSolution
		{5935B014-C1EB-4DA9-BD66-625AE8AC83CF}.Debug|Any CPU.ActiveCfg = Debug|Any CPU
		{5935B014-C1EB-4DA9-BD66-625AE8AC83CF}.Debug|Any CPU.Build.0 = Debug|Any CPU
		{5935B014-C1EB-4DA9-BD66-625AE8AC83CF}.Release|Any CPU.ActiveCfg = Release|Any CPU
		{5935B014-C1EB-4DA9-BD66-625AE8AC83CF}.Release|Any CPU.Build.0 = Release|Any CPU
		{2B0288EF-D1F0-4C6F-BC0D-B39425EAE0A8}.Debug|Any CPU.ActiveCfg = Debug|Any CPU
		{2B0288EF-D1F0-4C6F-BC0D-B39425EAE0A8}.Debug|Any CPU.Build.0 = Debug|Any CPU
		{2B0288EF-D1F0-4C6F-BC0D-B39425EAE0A8}.Release|Any CPU.ActiveCfg = Release|Any CPU
		{2B0288EF-D1F0-4C6F-BC0D-B39425EAE0A8}.Release|Any CPU.Build.0 = Release|Any CPU
		{73DD6024-FDC7-4508-9ABF-FB00A3C09241}.Debug|Any CPU.ActiveCfg = Debug|Any CPU
		{73DD6024-FDC7-4508-9ABF-FB00A3C09241}.Debug|Any CPU.Build.0 = Debug|Any CPU
		{73DD6024-FDC7-4508-9ABF-FB00A3C09241}.Release|Any CPU.ActiveCfg = Release|Any CPU
		{73DD6024-FDC7-4508-9ABF-FB00A3C09241}.Release|Any CPU.Build.0 = Release|Any CPU
		{36791CEA-2700-473F-A551-FBC24D980B4D}.Debug|Any CPU.ActiveCfg = Debug|Any CPU
		{36791CEA-2700-473F-A551-FBC24D980B4D}.Debug|Any CPU.Build.0 = Debug|Any CPU
		{36791CEA-2700-473F-A551-FBC24D980B4D}.Release|Any CPU.ActiveCfg = Release|Any CPU
		{36791CEA-2700-473F-A551-FBC24D980B4D}.Release|Any CPU.Build.0 = Release|Any CPU
		{03E6055B-AE4E-4B26-BCB8-9350CF360725}.Debug|Any CPU.ActiveCfg = Debug|Any CPU
		{03E6055B-AE4E-4B26-BCB8-9350CF360725}.Debug|Any CPU.Build.0 = Debug|Any CPU
		{03E6055B-AE4E-4B26-BCB8-9350CF360725}.Release|Any CPU.ActiveCfg = Release|Any CPU
		{03E6055B-AE4E-4B26-BCB8-9350CF360725}.Release|Any CPU.Build.0 = Release|Any CPU
	EndGlobalSection
	GlobalSection(SolutionProperties) = preSolution
		HideSolutionNode = FALSE
	EndGlobalSection
	GlobalSection(NestedProjects) = preSolution
		{5935B014-C1EB-4DA9-BD66-625AE8AC83CF} = {3C3CD2CB-A668-4986-A40E-EF228A4B1463}
		{2B0288EF-D1F0-4C6F-BC0D-B39425EAE0A8} = {F4260F83-17C9-4047-95F0-A8DA062703F7}
		{73DD6024-FDC7-4508-9ABF-FB00A3C09241} = {7499691F-1542-4E90-93B5-A015D7FB7302}
		{36791CEA-2700-473F-A551-FBC24D980B4D} = {7499691F-1542-4E90-93B5-A015D7FB7302}
		{03E6055B-AE4E-4B26-BCB8-9350CF360725} = {79E499B0-C5B9-44AF-AD71-2E6F71ADA418}
	EndGlobalSection
	GlobalSection(ExtensibilityGlobals) = postSolution
		SolutionGuid = {78C61CD3-17DF-456B-9253-174CF430D270}
	EndGlobalSection
EndGlobal
